
Microsoft Visual Studio Solution File, Format Version 12.00
# Visual Studio 14
VisualStudioVersion = 14.0.24720.0
MinimumVisualStudioVersion = 10.0.40219.1
Project("{FAE04EC0-301F-11D3-BF4B-00C04F79EFBC}") = "CapaDato", "CapaDato\CapaDato.csproj", "{65470332-668B-4BFB-82CD-51BEAA88F45B}"
EndProject
Project("{FAE04EC0-301F-11D3-BF4B-00C04F79EFBC}") = "CapaNegocio", "CapaNegocio\CapaNegocio.csproj", "{B3DE9CF9-335E-48ED-8E6C-5D9A9483F3C7}"
EndProject
Project("{FAE04EC0-301F-11D3-BF4B-00C04F79EFBC}") = "CapaServicio", "CapaServicio\CapaServicio.csproj", "{A7C649C1-E050-47B0-B280-D5530B916A4A}"
EndProject
Project("{FAE04EC0-301F-11D3-BF4B-00C04F79EFBC}") = "CapaWSPresentacion", "CapaWSPresentacion\CapaWSPresentacion.csproj", "{2C39EB9F-457A-41C2-9CEE-224721F6A8CE}"
	ProjectSection(ProjectDependencies) = postProject
		{A7C649C1-E050-47B0-B280-D5530B916A4A} = {A7C649C1-E050-47B0-B280-D5530B916A4A}
	EndProjectSection
EndProject
Project("{FAE04EC0-301F-11D3-BF4B-00C04F79EFBC}") = "CapaObjeto", "CapaObjeto\CapaObjeto.csproj", "{C4DF87B7-504B-489C-9A49-E753D00D9A43}"
EndProject
Project("{FAE04EC0-301F-11D3-BF4B-00C04F79EFBC}") = "CapaWSPresentacionJAVA", "CapaPresentacionJAVA\CapaWSPresentacionJAVA.csproj", "{6CE5C08A-278E-4E83-8844-51C8005F605F}"
EndProject
Global
	GlobalSection(SolutionConfigurationPlatforms) = preSolution
		Debug|Any CPU = Debug|Any CPU
		Release|Any CPU = Release|Any CPU
	EndGlobalSection
	GlobalSection(ProjectConfigurationPlatforms) = postSolution
		{65470332-668B-4BFB-82CD-51BEAA88F45B}.Debug|Any CPU.ActiveCfg = Debug|Any CPU
		{65470332-668B-4BFB-82CD-51BEAA88F45B}.Debug|Any CPU.Build.0 = Debug|Any CPU
		{65470332-668B-4BFB-82CD-51BEAA88F45B}.Release|Any CPU.ActiveCfg = Release|Any CPU
		{65470332-668B-4BFB-82CD-51BEAA88F45B}.Release|Any CPU.Build.0 = Release|Any CPU
		{B3DE9CF9-335E-48ED-8E6C-5D9A9483F3C7}.Debug|Any CPU.ActiveCfg = Debug|Any CPU
		{B3DE9CF9-335E-48ED-8E6C-5D9A9483F3C7}.Debug|Any CPU.Build.0 = Debug|Any CPU
		{B3DE9CF9-335E-48ED-8E6C-5D9A9483F3C7}.Release|Any CPU.ActiveCfg = Release|Any CPU
		{B3DE9CF9-335E-48ED-8E6C-5D9A9483F3C7}.Release|Any CPU.Build.0 = Release|Any CPU
		{A7C649C1-E050-47B0-B280-D5530B916A4A}.Debug|Any CPU.ActiveCfg = Debug|Any CPU
		{A7C649C1-E050-47B0-B280-D5530B916A4A}.Debug|Any CPU.Build.0 = Debug|Any CPU
		{A7C649C1-E050-47B0-B280-D5530B916A4A}.Release|Any CPU.ActiveCfg = Release|Any CPU
		{A7C649C1-E050-47B0-B280-D5530B916A4A}.Release|Any CPU.Build.0 = Release|Any CPU
		{2C39EB9F-457A-41C2-9CEE-224721F6A8CE}.Debug|Any CPU.ActiveCfg = Debug|Any CPU
		{2C39EB9F-457A-41C2-9CEE-224721F6A8CE}.Debug|Any CPU.Build.0 = Debug|Any CPU
		{2C39EB9F-457A-41C2-9CEE-224721F6A8CE}.Release|Any CPU.ActiveCfg = Release|Any CPU
		{2C39EB9F-457A-41C2-9CEE-224721F6A8CE}.Release|Any CPU.Build.0 = Release|Any CPU
		{C4DF87B7-504B-489C-9A49-E753D00D9A43}.Debug|Any CPU.ActiveCfg = Debug|Any CPU
		{C4DF87B7-504B-489C-9A49-E753D00D9A43}.Debug|Any CPU.Build.0 = Debug|Any CPU
		{C4DF87B7-504B-489C-9A49-E753D00D9A43}.Release|Any CPU.ActiveCfg = Release|Any CPU
		{C4DF87B7-504B-489C-9A49-E753D00D9A43}.Release|Any CPU.Build.0 = Release|Any CPU
		{6CE5C08A-278E-4E83-8844-51C8005F605F}.Debug|Any CPU.ActiveCfg = Debug|Any CPU
		{6CE5C08A-278E-4E83-8844-51C8005F605F}.Debug|Any CPU.Build.0 = Debug|Any CPU
		{6CE5C08A-278E-4E83-8844-51C8005F605F}.Release|Any CPU.ActiveCfg = Release|Any CPU
		{6CE5C08A-278E-4E83-8844-51C8005F605F}.Release|Any CPU.Build.0 = Release|Any CPU
	EndGlobalSection
	GlobalSection(SolutionProperties) = preSolution
		HideSolutionNode = FALSE
	EndGlobalSection
EndGlobal
